
Microsoft Visual Studio Solution File, Format Version 12.00
# Visual Studio 15
VisualStudioVersion = 15.0.26730.16
MinimumVisualStudioVersion = 10.0.40219.1
Project("{9092AA53-FB77-4645-B42D-1CCCA6BD08BD}") = "SynonymAPI", "SynonymAPI\SynonymAPI.njsproj", "{F54D13D6-46AE-457B-A03B-FF7ECFB314ED}"
EndProject
Global
	GlobalSection(SolutionConfigurationPlatforms) = preSolution
		Debug|Any CPU = Debug|Any CPU
		Release|Any CPU = Release|Any CPU
	EndGlobalSection
	GlobalSection(ProjectConfigurationPlatforms) = postSolution
		{F54D13D6-46AE-457B-A03B-FF7ECFB314ED}.Debug|Any CPU.ActiveCfg = Debug|Any CPU
		{F54D13D6-46AE-457B-A03B-FF7ECFB314ED}.Debug|Any CPU.Build.0 = Debug|Any CPU
		{F54D13D6-46AE-457B-A03B-FF7ECFB314ED}.Release|Any CPU.ActiveCfg = Release|Any CPU
		{F54D13D6-46AE-457B-A03B-FF7ECFB314ED}.Release|Any CPU.Build.0 = Release|Any CPU
	EndGlobalSection
	GlobalSection(SolutionProperties) = preSolution
		HideSolutionNode = FALSE
	EndGlobalSection
	GlobalSection(ExtensibilityGlobals) = postSolution
		SolutionGuid = {A3961270-45F9-4CEA-AE17-14D2A10239B4}
	EndGlobalSection
EndGlobal
